
Microsoft Visual Studio Solution File, Format Version 12.00
# Visual Studio Version 17
VisualStudioVersion = 17.4.33403.182
MinimumVisualStudioVersion = 10.0.40219.1
Project("{FAE04EC0-301F-11D3-BF4B-00C04F79EFBC}") = "DaMaiGrabTicket", "DaMaiGrabTicket.csproj", "{06489415-3FCD-407C-B556-A77AC600C8F5}"
EndProject
Global
	GlobalSection(SolutionConfigurationPlatforms) = preSolution
		Debug|Any CPU = Debug|Any CPU
		Release|Any CPU = Release|Any CPU
	EndGlobalSection
	GlobalSection(ProjectConfigurationPlatforms) = postSolution
		{06489415-3FCD-407C-B556-A77AC600C8F5}.Debug|Any CPU.ActiveCfg = Debug|Any CPU
		{06489415-3FCD-407C-B556-A77AC600C8F5}.Debug|Any CPU.Build.0 = Debug|Any CPU
		{06489415-3FCD-407C-B556-A77AC600C8F5}.Release|Any CPU.ActiveCfg = Release|Any CPU
		{06489415-3FCD-407C-B556-A77AC600C8F5}.Release|Any CPU.Build.0 = Release|Any CPU
	EndGlobalSection
	GlobalSection(SolutionProperties) = preSolution
		HideSolutionNode = FALSE
	EndGlobalSection
	GlobalSection(ExtensibilityGlobals) = postSolution
		SolutionGuid = {A4082738-7E69-4A6D-9CE9-22F59E564817}
	EndGlobalSection
EndGlobal
